<?xml version="1.0" encoding="utf-8"?>
<Project ToolsVersion="4.0" xmlns="http://schemas.microsoft.com/developer/msbuild/2003">
  <ItemGroup>
    <Filter Include="소스 파일">
      <UniqueIdentifier>{4FC737F1-C7A5-4376-A066-2A32D752A2FF}</UniqueIdentifier>
      <Extensions>cpp;c;cc;cxx;def;odl;idl;hpj;bat;asm;asmx</Extensions>
    </Filter>
    <Filter Include="헤더 파일">
      <UniqueIdentifier>{93995380-89BD-4b04-88EB-625FBE52EBFB}</UniqueIdentifier>
      <Extensions>h;hh;hpp;hxx;hm;inl;inc;ipp;xsd</Extensions>
    </Filter>
    <Filter Include="리소스 파일">
      <UniqueIdentifier>{67DA6AB6-F800-4c08-8B7A-83BB121AAD01}</UniqueIdentifier>
      <Extensions>rc;ico;cur;bmp;dlg;rc2;rct;bin;rgs;gif;jpg;jpeg;jpe;resx;tiff;tif;png;wav;mfcribbon-ms</Extensions>
    </Filter>
    <Filter Include="소스 파일\2단원 순환">
      <UniqueIdentifier>{82adb692-982e-4f72-becb-91af5b3e538a}</UniqueIdentifier>
    </Filter>
    <Filter Include="소스 파일\3단원">
      <UniqueIdentifier>{e64e6da4-bb6e-4a94-a7fb-5f4d48bb315e}</UniqueIdentifier>
    </Filter>
    <Filter Include="소스 파일\3단원\3단원 연습문제">
      <UniqueIdentifier>{2038590d-c000-49af-92c7-9a80a7fdb09c}</UniqueIdentifier>
    </Filter>
    <Filter Include="소스 파일\3단원\3단원 배열 백준">
      <UniqueIdentifier>{ee188dde-e259-47c0-83f7-8b907c7a8bb9}</UniqueIdentifier>
    </Filter>
    <Filter Include="소스 파일\3단원\3단원 배열 백준\백준">
      <UniqueIdentifier>{232e5a40-b56a-44ac-92fd-0b6e2cc572ea}</UniqueIdentifier>
    </Filter>
    <Filter Include="소스 파일\3단원\3단원 배열 백준\백준\1차원 배열">
      <UniqueIdentifier>{390d8bd1-0438-4418-9b2b-6a4ecaa5f11a}</UniqueIdentifier>
    </Filter>
  </ItemGroup>
  <ItemGroup>
    <ClCompile Include="n-1 팩토리얼.c">
      <Filter>소스 파일\2단원 순환</Filter>
    </ClCompile>
    <ClCompile Include="반복적인 팩토리얼 계산.c">
      <Filter>소스 파일\2단원 순환</Filter>
    </ClCompile>
    <ClCompile Include="거듭제곱 순환.c">
      <Filter>소스 파일\2단원 순환</Filter>
    </ClCompile>
    <ClCompile Include="순환적인 피보나치 수열.c">
      <Filter>소스 파일\2단원 순환</Filter>
    </ClCompile>
    <ClCompile Include="반복적인 피보나치 수열.c">
      <Filter>소스 파일\2단원 순환</Filter>
    </ClCompile>
    <ClCompile Include="백준 11729번.c">
      <Filter>소스 파일\2단원 순환</Filter>
    </ClCompile>
    <ClCompile Include="10871 X보다 작은 수.c">
      <Filter>소스 파일\3단원\3단원 배열 백준\백준\1차원 배열</Filter>
    </ClCompile>
    <ClCompile Include="10807 개수 세기.c">
      <Filter>소스 파일\3단원\3단원 배열 백준\백준\1차원 배열</Filter>
    </ClCompile>
    <ClCompile Include="10818 최소 최대.c">
      <Filter>소스 파일\3단원\3단원 배열 백준\백준\1차원 배열</Filter>
    </ClCompile>
    <ClCompile Include="2562 최댓값.c">
      <Filter>소스 파일\3단원\3단원 배열 백준\백준\1차원 배열</Filter>
    </ClCompile>
    <ClCompile Include="5597 과제 안 내신 분.c">
      <Filter>소스 파일\3단원\3단원 배열 백준\백준\1차원 배열</Filter>
    </ClCompile>
    <ClCompile Include="3052 나머지.c">
      <Filter>소스 파일\3단원\3단원 배열 백준\백준\1차원 배열</Filter>
    </ClCompile>
    <ClCompile Include="1546 평균.c">
      <Filter>소스 파일\3단원\3단원 배열 백준\백준\1차원 배열</Filter>
    </ClCompile>
    <ClCompile Include="8958 ox퀴즈%28string 헤더%29.c">
      <Filter>소스 파일\3단원\3단원 배열 백준\백준\1차원 배열</Filter>
    </ClCompile>
    <ClCompile Include="4344 평균은 넘겠지.c">
      <Filter>소스 파일\3단원\3단원 배열 백준\백준\1차원 배열</Filter>
    </ClCompile>
    <ClCompile Include="2563 색종이.c">
      <Filter>소스 파일\3단원\3단원 배열 백준\백준</Filter>
    </ClCompile>
    <ClCompile Include="1996 지뢰 찾기.c">
      <Filter>소스 파일\3단원\3단원 배열 백준\백준</Filter>
    </ClCompile>
    <ClCompile Include="11656 접미사 배열.c">
      <Filter>소스 파일\3단원\3단원 배열 백준\백준</Filter>
    </ClCompile>
    <ClCompile Include="연습.c">
      <Filter>소스 파일</Filter>
    </ClCompile>
    <ClCompile Include="4번 문제 수정.c">
      <Filter>소스 파일\3단원\3단원 연습문제</Filter>
    </ClCompile>
    <ClCompile Include="5번 문제.c">
      <Filter>소스 파일\3단원\3단원 연습문제</Filter>
    </ClCompile>
    <ClCompile Include="6번 문제.c">
      <Filter>소스 파일\3단원\3단원 연습문제</Filter>
    </ClCompile>
    <ClCompile Include="7번 문제.c">
      <Filter>소스 파일\3단원\3단원 연습문제</Filter>
    </ClCompile>
    <ClCompile Include="8번 문제.c">
      <Filter>소스 파일\3단원\3단원 연습문제</Filter>
    </ClCompile>
    <ClCompile Include="9번 문제.c">
      <Filter>소스 파일\3단원\3단원 연습문제</Filter>
    </ClCompile>
    <ClCompile Include="10번 문제.c">
      <Filter>소스 파일\3단원\3단원 연습문제</Filter>
    </ClCompile>
    <ClCompile Include="11번 문제.c">
      <Filter>소스 파일\3단원\3단원 연습문제</Filter>
    </ClCompile>
    <ClCompile Include="12번 문제.c">
      <Filter>소스 파일\3단원\3단원 연습문제</Filter>
    </ClCompile>
    <ClCompile Include="2차원 배열 연습.c">
      <Filter>소스 파일</Filter>
    </ClCompile>
    <ClCompile Include="9610 사분면.c">
      <Filter>소스 파일\3단원\3단원 배열 백준\백준</Filter>
    </ClCompile>
    <ClCompile Include="10250 ACM호텔.c">
      <Filter>소스 파일\3단원\3단원 배열 백준\백준</Filter>
    </ClCompile>
  </ItemGroup>
</Project>