<?xml version="1.0" encoding="utf-8"?>
<Project ToolsVersion="4.0" xmlns="http://schemas.microsoft.com/developer/msbuild/2003">
  <ItemGroup>
    <Filter Include="소스 파일">
      <UniqueIdentifier>{4FC737F1-C7A5-4376-A066-2A32D752A2FF}</UniqueIdentifier>
      <Extensions>cpp;c;cc;cxx;def;odl;idl;hpj;bat;asm;asmx</Extensions>
    </Filter>
    <Filter Include="헤더 파일">
      <UniqueIdentifier>{93995380-89BD-4b04-88EB-625FBE52EBFB}</UniqueIdentifier>
      <Extensions>h;hh;hpp;hxx;hm;inl;inc;ipp;xsd</Extensions>
    </Filter>
    <Filter Include="리소스 파일">
      <UniqueIdentifier>{67DA6AB6-F800-4c08-8B7A-83BB121AAD01}</UniqueIdentifier>
      <Extensions>rc;ico;cur;bmp;dlg;rc2;rct;bin;rgs;gif;jpg;jpeg;jpe;resx;tiff;tif;png;wav;mfcribbon-ms</Extensions>
    </Filter>
  </ItemGroup>
  <ItemGroup>
    <ClCompile Include="1251 1부터 100까지 출력.c">
      <Filter>소스 파일</Filter>
    </ClCompile>
    <ClCompile Include="1252 1부터 n까지 출력하기.c">
      <Filter>소스 파일</Filter>
    </ClCompile>
    <ClCompile Include="1253 a부터b까지출력.c">
      <Filter>소스 파일</Filter>
    </ClCompile>
    <ClCompile Include="1254 알파벳 출력하기.c">
      <Filter>소스 파일</Filter>
    </ClCompile>
    <ClCompile Include="1255 두 실수 사이 출력하기.c">
      <Filter>소스 파일</Filter>
    </ClCompile>
    <ClCompile Include="1256 별 출력하기.c">
      <Filter>소스 파일</Filter>
    </ClCompile>
    <ClCompile Include="1257 두 수 사이의 홀수 출력하기.c">
      <Filter>소스 파일</Filter>
    </ClCompile>
    <ClCompile Include="1258 1부터 n까지 합 구하기.c">
      <Filter>소스 파일</Filter>
    </ClCompile>
    <ClCompile Include="1259 1부터 n까지 중 짝수의 합 구하기.c">
      <Filter>소스 파일</Filter>
    </ClCompile>
    <ClCompile Include="1260 3의 배수의 합.c">
      <Filter>소스 파일</Filter>
    </ClCompile>
    <ClCompile Include="1261 First Special Judge(test).c">
      <Filter>소스 파일</Filter>
    </ClCompile>
    <ClCompile Include="1265 구구단 출력하기1.c">
      <Filter>소스 파일</Filter>
    </ClCompile>
    <ClCompile Include="1266 n개의 수의 합.c">
      <Filter>소스 파일</Filter>
    </ClCompile>
    <ClCompile Include="1267 n개의 수 중 5의 배수의 합.c">
      <Filter>소스 파일</Filter>
    </ClCompile>
    <ClCompile Include="1268 n개의 수 중 짝수의 개수.c">
      <Filter>소스 파일</Filter>
    </ClCompile>
    <ClCompile Include="1269 수열의 값 구하기.c">
      <Filter>소스 파일</Filter>
    </ClCompile>
    <ClCompile Include="1270 1의 개수는1.c">
      <Filter>소스 파일</Filter>
    </ClCompile>
    <ClCompile Include="1271 최댓값 구하기.c">
      <Filter>소스 파일</Filter>
    </ClCompile>
    <ClCompile Include="1272 기부%28이 문제 좀 어렵다이%29.c">
      <Filter>소스 파일</Filter>
    </ClCompile>
    <ClCompile Include="1273 약수 구하기.c">
      <Filter>소스 파일</Filter>
    </ClCompile>
    <ClCompile Include="1274 소수 판별.c">
      <Filter>소스 파일</Filter>
    </ClCompile>
    <ClCompile Include="1275 k제곱 구하기.c">
      <Filter>소스 파일</Filter>
    </ClCompile>
    <ClCompile Include="1276 팩토리얼 계산.c">
      <Filter>소스 파일</Filter>
    </ClCompile>
    <ClCompile Include="1277 몇 번째 데이터 출력하기.c">
      <Filter>소스 파일</Filter>
    </ClCompile>
    <ClCompile Include="1278 자릿수 계산.c">
      <Filter>소스 파일</Filter>
    </ClCompile>
    <ClCompile Include="1280 홀수는 더하고 짝수는 빼고2.c">
      <Filter>소스 파일</Filter>
    </ClCompile>
    <ClCompile Include="1281 홀수는 더하고 짝수는 빼고3.c">
      <Filter>소스 파일</Filter>
    </ClCompile>
    <ClCompile Include="1282 제곱수 만들기.c">
      <Filter>소스 파일</Filter>
    </ClCompile>
    <ClCompile Include="1279 홀수는 더하고 짝수는 빼고.c">
      <Filter>소스 파일</Filter>
    </ClCompile>
    <ClCompile Include="1283 주식 투자.c">
      <Filter>소스 파일</Filter>
    </ClCompile>
    <ClCompile Include="1284 암호 해독%28이 문제 물어보기%29.c">
      <Filter>소스 파일</Filter>
    </ClCompile>
    <ClCompile Include="1285 계산기2.c">
      <Filter>소스 파일</Filter>
    </ClCompile>
    <ClCompile Include="1286 최댓값, 최솟값.c">
      <Filter>소스 파일</Filter>
    </ClCompile>
    <ClCompile Include="1287 구구단을 로 출력하기.c">
      <Filter>소스 파일</Filter>
    </ClCompile>
    <ClCompile Include="1294 시저의 암호2%28출력한계초과, EOF%29.c">
      <Filter>소스 파일</Filter>
    </ClCompile>
    <ClCompile Include="1295 알파벳 대소문자 변환%28EOF%29 이 문제 고생.c">
      <Filter>소스 파일</Filter>
    </ClCompile>
    <ClCompile Include="1675 시저의 함호1.c">
      <Filter>소스 파일</Filter>
    </ClCompile>
  </ItemGroup>
</Project>